// !$*UTF8*$!
{
	archiveVersion = 1;
	classes = {
	};
	objectVersion = 50;
	objects = {

/* Begin PBXBuildFile section */
		3F5FF64320AAD30300302C41 /* AppDelegate.m in Sources */ = {isa = PBXBuildFile; fileRef = 3F5FF64220AAD30300302C41 /* AppDelegate.m */; };
		3F5FF64520AAD30600302C41 /* Assets.xcassets in Resources */ = {isa = PBXBuildFile; fileRef = 3F5FF64420AAD30600302C41 /* Assets.xcassets */; };
		3F5FF64820AAD30600302C41 /* MainMenu.xib in Resources */ = {isa = PBXBuildFile; fileRef = 3F5FF64620AAD30600302C41 /* MainMenu.xib */; };
		3F5FF64B20AAD30600302C41 /* main.m in Sources */ = {isa = PBXBuildFile; fileRef = 3F5FF64A20AAD30600302C41 /* main.m */; };
		3F5FF65220AAD3F600302C41 /* PacView.mm in Sources */ = {isa = PBXBuildFile; fileRef = 3F5FF65120AAD3F600302C41 /* PacView.mm */; };
		3F5FF65320AAD42900302C41 /* pactastic.cpp in Sources */ = {isa = PBXBuildFile; fileRef = 3F8977D720A5D31800EC401A /* pactastic.cpp */; };
		3F7BF6A020B378C00066DF8D /* NIServer.m in Sources */ = {isa = PBXBuildFile; fileRef = 3F7BF68220B378BD0066DF8D /* NIServer.m */; };
		3F7BF6A120B378C00066DF8D /* NIServer.m in Sources */ = {isa = PBXBuildFile; fileRef = 3F7BF68220B378BD0066DF8D /* NIServer.m */; };
		3F7BF6A220B378C00066DF8D /* NIAgentClient.m in Sources */ = {isa = PBXBuildFile; fileRef = 3F7BF68320B378BD0066DF8D /* NIAgentClient.m */; };
		3F7BF6A320B378C00066DF8D /* NIAgentClient.m in Sources */ = {isa = PBXBuildFile; fileRef = 3F7BF68320B378BD0066DF8D /* NIAgentClient.m */; };
		3F7BF6A420B378C00066DF8D /* NIProtocolMessages.m in Sources */ = {isa = PBXBuildFile; fileRef = 3F7BF68420B378BD0066DF8D /* NIProtocolMessages.m */; };
		3F7BF6A520B378C00066DF8D /* NIProtocolMessages.m in Sources */ = {isa = PBXBuildFile; fileRef = 3F7BF68420B378BD0066DF8D /* NIProtocolMessages.m */; };
		3F7BF6A620B378C00066DF8D /* NIMainHandlerClient.m in Sources */ = {isa = PBXBuildFile; fileRef = 3F7BF68520B378BD0066DF8D /* NIMainHandlerClient.m */; };
		3F7BF6A720B378C00066DF8D /* NIMainHandlerClient.m in Sources */ = {isa = PBXBuildFile; fileRef = 3F7BF68520B378BD0066DF8D /* NIMainHandlerClient.m */; };
		3F7BF6A820B378C00066DF8D /* NIControllerRequestClient.m in Sources */ = {isa = PBXBuildFile; fileRef = 3F7BF68820B378BE0066DF8D /* NIControllerRequestClient.m */; };
		3F7BF6A920B378C00066DF8D /* NIControllerRequestClient.m in Sources */ = {isa = PBXBuildFile; fileRef = 3F7BF68820B378BE0066DF8D /* NIControllerRequestClient.m */; };
		3F7BF6AA20B378C00066DF8D /* NIControllerRequestServer.m in Sources */ = {isa = PBXBuildFile; fileRef = 3F7BF68B20B378BE0066DF8D /* NIControllerRequestServer.m */; };
		3F7BF6AB20B378C00066DF8D /* NIControllerRequestServer.m in Sources */ = {isa = PBXBuildFile; fileRef = 3F7BF68B20B378BE0066DF8D /* NIControllerRequestServer.m */; };
		3F7BF6AC20B378C00066DF8D /* NIAgent.m in Sources */ = {isa = PBXBuildFile; fileRef = 3F7BF68D20B378BE0066DF8D /* NIAgent.m */; };
		3F7BF6AD20B378C00066DF8D /* NIAgent.m in Sources */ = {isa = PBXBuildFile; fileRef = 3F7BF68D20B378BE0066DF8D /* NIAgent.m */; };
		3F7BF6AE20B378C00066DF8D /* NIControllerNotificationServer.m in Sources */ = {isa = PBXBuildFile; fileRef = 3F7BF69120B378BE0066DF8D /* NIControllerNotificationServer.m */; };
		3F7BF6AF20B378C00066DF8D /* NIControllerNotificationServer.m in Sources */ = {isa = PBXBuildFile; fileRef = 3F7BF69120B378BE0066DF8D /* NIControllerNotificationServer.m */; };
		3F7BF6B020B378C00066DF8D /* NIClient.m in Sources */ = {isa = PBXBuildFile; fileRef = 3F7BF69220B378BE0066DF8D /* NIClient.m */; };
		3F7BF6B120B378C00066DF8D /* NIClient.m in Sources */ = {isa = PBXBuildFile; fileRef = 3F7BF69220B378BE0066DF8D /* NIClient.m */; };
		3F7BF6B220B378C00066DF8D /* NIMessage.m in Sources */ = {isa = PBXBuildFile; fileRef = 3F7BF69420B378BF0066DF8D /* NIMessage.m */; };
		3F7BF6B320B378C00066DF8D /* NIMessage.m in Sources */ = {isa = PBXBuildFile; fileRef = 3F7BF69420B378BF0066DF8D /* NIMessage.m */; };
		3F7BF6B420B378C00066DF8D /* NIImageConversions.m in Sources */ = {isa = PBXBuildFile; fileRef = 3F7BF69720B378BF0066DF8D /* NIImageConversions.m */; };
		3F7BF6B520B378C00066DF8D /* NIImageConversions.m in Sources */ = {isa = PBXBuildFile; fileRef = 3F7BF69720B378BF0066DF8D /* NIImageConversions.m */; };
		3F7BF6B620B378C00066DF8D /* NIResponse.m in Sources */ = {isa = PBXBuildFile; fileRef = 3F7BF69920B378BF0066DF8D /* NIResponse.m */; };
		3F7BF6B720B378C00066DF8D /* NIResponse.m in Sources */ = {isa = PBXBuildFile; fileRef = 3F7BF69920B378BF0066DF8D /* NIResponse.m */; };
		3F7BF6B820B378C00066DF8D /* NIMainHandlerServer.m in Sources */ = {isa = PBXBuildFile; fileRef = 3F7BF69B20B378BF0066DF8D /* NIMainHandlerServer.m */; };
		3F7BF6B920B378C00066DF8D /* NIMainHandlerServer.m in Sources */ = {isa = PBXBuildFile; fileRef = 3F7BF69B20B378BF0066DF8D /* NIMainHandlerServer.m */; };
		3F7BF6BA20B378C00066DF8D /* NIMessageBases.m in Sources */ = {isa = PBXBuildFile; fileRef = 3F7BF69C20B378BF0066DF8D /* NIMessageBases.m */; };
		3F7BF6BB20B378C00066DF8D /* NIMessageBases.m in Sources */ = {isa = PBXBuildFile; fileRef = 3F7BF69C20B378BF0066DF8D /* NIMessageBases.m */; };
		3F8977D020A5D2F200EC401A /* main.c in Sources */ = {isa = PBXBuildFile; fileRef = 3F8977CF20A5D2F200EC401A /* main.c */; };
		3F8977DB20A5D32400EC401A /* pactastic.cpp in Sources */ = {isa = PBXBuildFile; fileRef = 3F8977D720A5D31800EC401A /* pactastic.cpp */; };
		3FE2ED6F20B58E200037203D /* BoiThread.mm in Sources */ = {isa = PBXBuildFile; fileRef = 3FE2ED6E20B58E200037203D /* BoiThread.mm */; };
		3FE2ED7220B59F420037203D /* MaschineThread.mm in Sources */ = {isa = PBXBuildFile; fileRef = 3FE2ED7120B59F420037203D /* MaschineThread.mm */; };
/* End PBXBuildFile section */

/* Begin PBXCopyFilesBuildPhase section */
		3F8977CA20A5D2F200EC401A /* CopyFiles */ = {
			isa = PBXCopyFilesBuildPhase;
			buildActionMask = 2147483647;
			dstPath = /usr/share/man/man1/;
			dstSubfolderSpec = 0;
			files = (
			);
			runOnlyForDeploymentPostprocessing = 1;
		};
/* End PBXCopyFilesBuildPhase section */

/* Begin PBXFileReference section */
		3F49931B20AC4C8400CBD7B7 /* MaschineBoi.h */ = {isa = PBXFileReference; lastKnownFileType = sourcecode.c.h; path = MaschineBoi.h; sourceTree = "<group>"; };
		3F5FF63920A9E0C000302C41 /* Arduboy2Font.h */ = {isa = PBXFileReference; lastKnownFileType = sourcecode.c.h; path = Arduboy2Font.h; sourceTree = "<group>"; };
		3F5FF63F20AAD30300302C41 /* PacMaschine.app */ = {isa = PBXFileReference; explicitFileType = wrapper.application; includeInIndex = 0; path = PacMaschine.app; sourceTree = BUILT_PRODUCTS_DIR; };
		3F5FF64120AAD30300302C41 /* AppDelegate.h */ = {isa = PBXFileReference; lastKnownFileType = sourcecode.c.h; path = AppDelegate.h; sourceTree = "<group>"; };
		3F5FF64220AAD30300302C41 /* AppDelegate.m */ = {isa = PBXFileReference; lastKnownFileType = sourcecode.c.objc; path = AppDelegate.m; sourceTree = "<group>"; };
		3F5FF64420AAD30600302C41 /* Assets.xcassets */ = {isa = PBXFileReference; lastKnownFileType = folder.assetcatalog; path = Assets.xcassets; sourceTree = "<group>"; };
		3F5FF64720AAD30600302C41 /* Base */ = {isa = PBXFileReference; lastKnownFileType = file.xib; name = Base; path = Base.lproj/MainMenu.xib; sourceTree = "<group>"; };
		3F5FF64920AAD30600302C41 /* Info.plist */ = {isa = PBXFileReference; lastKnownFileType = text.plist.xml; path = Info.plist; sourceTree = "<group>"; };
		3F5FF64A20AAD30600302C41 /* main.m */ = {isa = PBXFileReference; lastKnownFileType = sourcecode.c.objc; path = main.m; sourceTree = "<group>"; };
		3F5FF64C20AAD30600302C41 /* PacMaschine.entitlements */ = {isa = PBXFileReference; lastKnownFileType = text.plist.entitlements; path = PacMaschine.entitlements; sourceTree = "<group>"; };
		3F5FF65020AAD3F600302C41 /* PacView.h */ = {isa = PBXFileReference; lastKnownFileType = sourcecode.c.h; path = PacView.h; sourceTree = "<group>"; };
		3F5FF65120AAD3F600302C41 /* PacView.mm */ = {isa = PBXFileReference; lastKnownFileType = sourcecode.cpp.objcpp; path = PacView.mm; sourceTree = "<group>"; };
		3F7BF68220B378BD0066DF8D /* NIServer.m */ = {isa = PBXFileReference; fileEncoding = 4; lastKnownFileType = sourcecode.c.objc; path = NIServer.m; sourceTree = "<group>"; };
		3F7BF68320B378BD0066DF8D /* NIAgentClient.m */ = {isa = PBXFileReference; fileEncoding = 4; lastKnownFileType = sourcecode.c.objc; path = NIAgentClient.m; sourceTree = "<group>"; };
		3F7BF68420B378BD0066DF8D /* NIProtocolMessages.m */ = {isa = PBXFileReference; fileEncoding = 4; lastKnownFileType = sourcecode.c.objc; path = NIProtocolMessages.m; sourceTree = "<group>"; };
		3F7BF68520B378BD0066DF8D /* NIMainHandlerClient.m */ = {isa = PBXFileReference; fileEncoding = 4; lastKnownFileType = sourcecode.c.objc; path = NIMainHandlerClient.m; sourceTree = "<group>"; };
		3F7BF68620B378BE0066DF8D /* NIMainHandlerServer.h */ = {isa = PBXFileReference; fileEncoding = 4; lastKnownFileType = sourcecode.c.h; path = NIMainHandlerServer.h; sourceTree = "<group>"; };
		3F7BF68720B378BE0066DF8D /* NIMessageBases.h */ = {isa = PBXFileReference; fileEncoding = 4; lastKnownFileType = sourcecode.c.h; path = NIMessageBases.h; sourceTree = "<group>"; };
		3F7BF68820B378BE0066DF8D /* NIControllerRequestClient.m */ = {isa = PBXFileReference; fileEncoding = 4; lastKnownFileType = sourcecode.c.objc; path = NIControllerRequestClient.m; sourceTree = "<group>"; };
		3F7BF68920B378BE0066DF8D /* NIClient.h */ = {isa = PBXFileReference; fileEncoding = 4; lastKnownFileType = sourcecode.c.h; path = NIClient.h; sourceTree = "<group>"; };
		3F7BF68A20B378BE0066DF8D /* NIImageConversions.h */ = {isa = PBXFileReference; fileEncoding = 4; lastKnownFileType = sourcecode.c.h; path = NIImageConversions.h; sourceTree = "<group>"; };
		3F7BF68B20B378BE0066DF8D /* NIControllerRequestServer.m */ = {isa = PBXFileReference; fileEncoding = 4; lastKnownFileType = sourcecode.c.objc; path = NIControllerRequestServer.m; sourceTree = "<group>"; };
		3F7BF68C20B378BE0066DF8D /* NIAgentClient.h */ = {isa = PBXFileReference; fileEncoding = 4; lastKnownFileType = sourcecode.c.h; path = NIAgentClient.h; sourceTree = "<group>"; };
		3F7BF68D20B378BE0066DF8D /* NIAgent.m */ = {isa = PBXFileReference; fileEncoding = 4; lastKnownFileType = sourcecode.c.objc; path = NIAgent.m; sourceTree = "<group>"; };
		3F7BF68E20B378BE0066DF8D /* NIServer.h */ = {isa = PBXFileReference; fileEncoding = 4; lastKnownFileType = sourcecode.c.h; path = NIServer.h; sourceTree = "<group>"; };
		3F7BF68F20B378BE0066DF8D /* TestImage.h */ = {isa = PBXFileReference; fileEncoding = 4; lastKnownFileType = sourcecode.c.h; path = TestImage.h; sourceTree = "<group>"; };
		3F7BF69020B378BE0066DF8D /* NIMessage.h */ = {isa = PBXFileReference; fileEncoding = 4; lastKnownFileType = sourcecode.c.h; path = NIMessage.h; sourceTree = "<group>"; };
		3F7BF69120B378BE0066DF8D /* NIControllerNotificationServer.m */ = {isa = PBXFileReference; fileEncoding = 4; lastKnownFileType = sourcecode.c.objc; path = NIControllerNotificationServer.m; sourceTree = "<group>"; };
		3F7BF69220B378BE0066DF8D /* NIClient.m */ = {isa = PBXFileReference; fileEncoding = 4; lastKnownFileType = sourcecode.c.objc; path = NIClient.m; sourceTree = "<group>"; };
		3F7BF69320B378BE0066DF8D /* NIResponse.h */ = {isa = PBXFileReference; fileEncoding = 4; lastKnownFileType = sourcecode.c.h; path = NIResponse.h; sourceTree = "<group>"; };
		3F7BF69420B378BF0066DF8D /* NIMessage.m */ = {isa = PBXFileReference; fileEncoding = 4; lastKnownFileType = sourcecode.c.objc; path = NIMessage.m; sourceTree = "<group>"; };
		3F7BF69520B378BF0066DF8D /* NIMaschineLayouts.h */ = {isa = PBXFileReference; fileEncoding = 4; lastKnownFileType = sourcecode.c.h; path = NIMaschineLayouts.h; sourceTree = "<group>"; };
		3F7BF69620B378BF0066DF8D /* NIAgent.h */ = {isa = PBXFileReference; fileEncoding = 4; lastKnownFileType = sourcecode.c.h; path = NIAgent.h; sourceTree = "<group>"; };
		3F7BF69720B378BF0066DF8D /* NIImageConversions.m */ = {isa = PBXFileReference; fileEncoding = 4; lastKnownFileType = sourcecode.c.objc; path = NIImageConversions.m; sourceTree = "<group>"; };
		3F7BF69820B378BF0066DF8D /* NIMainHandlerClient.h */ = {isa = PBXFileReference; fileEncoding = 4; lastKnownFileType = sourcecode.c.h; path = NIMainHandlerClient.h; sourceTree = "<group>"; };
		3F7BF69920B378BF0066DF8D /* NIResponse.m */ = {isa = PBXFileReference; fileEncoding = 4; lastKnownFileType = sourcecode.c.objc; path = NIResponse.m; sourceTree = "<group>"; };
		3F7BF69A20B378BF0066DF8D /* NIControllerNotificationServer.h */ = {isa = PBXFileReference; fileEncoding = 4; lastKnownFileType = sourcecode.c.h; path = NIControllerNotificationServer.h; sourceTree = "<group>"; };
		3F7BF69B20B378BF0066DF8D /* NIMainHandlerServer.m */ = {isa = PBXFileReference; fileEncoding = 4; lastKnownFileType = sourcecode.c.objc; path = NIMainHandlerServer.m; sourceTree = "<group>"; };
		3F7BF69C20B378BF0066DF8D /* NIMessageBases.m */ = {isa = PBXFileReference; fileEncoding = 4; lastKnownFileType = sourcecode.c.objc; path = NIMessageBases.m; sourceTree = "<group>"; };
		3F7BF69D20B378BF0066DF8D /* NIControllerRequestClient.h */ = {isa = PBXFileReference; fileEncoding = 4; lastKnownFileType = sourcecode.c.h; path = NIControllerRequestClient.h; sourceTree = "<group>"; };
		3F7BF69E20B378C00066DF8D /* NIProtocolMessages.h */ = {isa = PBXFileReference; fileEncoding = 4; lastKnownFileType = sourcecode.c.h; path = NIProtocolMessages.h; sourceTree = "<group>"; };
		3F7BF69F20B378C00066DF8D /* NIControllerRequestServer.h */ = {isa = PBXFileReference; fileEncoding = 4; lastKnownFileType = sourcecode.c.h; path = NIControllerRequestServer.h; sourceTree = "<group>"; };
		3F8977CC20A5D2F200EC401A /* pacmaschine */ = {isa = PBXFileReference; explicitFileType = "compiled.mach-o.executable"; includeInIndex = 0; path = pacmaschine; sourceTree = BUILT_PRODUCTS_DIR; };
		3F8977CF20A5D2F200EC401A /* main.c */ = {isa = PBXFileReference; lastKnownFileType = sourcecode.c.c; path = main.c; sourceTree = "<group>"; };
		3F8977D720A5D31800EC401A /* pactastic.cpp */ = {isa = PBXFileReference; fileEncoding = 4; lastKnownFileType = sourcecode.cpp.cpp; path = pactastic.cpp; sourceTree = "<group>"; };
		3F8977D820A5D31800EC401A /* bitmaps.h */ = {isa = PBXFileReference; fileEncoding = 4; lastKnownFileType = sourcecode.c.h; path = bitmaps.h; sourceTree = "<group>"; };
		3F8977D920A5D31800EC401A /* README.md */ = {isa = PBXFileReference; fileEncoding = 4; lastKnownFileType = net.daringfireball.markdown; path = README.md; sourceTree = "<group>"; };
		3F8977DA20A5D31800EC401A /* bgm.h */ = {isa = PBXFileReference; fileEncoding = 4; lastKnownFileType = sourcecode.c.h; path = bgm.h; sourceTree = "<group>"; };
		3F8977DC20A5D36A00EC401A /* ArduBoyPlaytune.h */ = {isa = PBXFileReference; lastKnownFileType = sourcecode.c.h; path = ArduBoyPlaytune.h; sourceTree = "<group>"; };
		3F8977DD20A5D36A00EC401A /* ArduBoy2.h */ = {isa = PBXFileReference; lastKnownFileType = sourcecode.c.h; path = ArduBoy2.h; sourceTree = "<group>"; };
		3FE2ED6D20B58E200037203D /* BoiThread.h */ = {isa = PBXFileReference; lastKnownFileType = sourcecode.c.h; path = BoiThread.h; sourceTree = "<group>"; };
		3FE2ED6E20B58E200037203D /* BoiThread.mm */ = {isa = PBXFileReference; lastKnownFileType = sourcecode.cpp.objcpp; path = BoiThread.mm; sourceTree = "<group>"; };
		3FE2ED7020B59F420037203D /* MaschineThread.h */ = {isa = PBXFileReference; lastKnownFileType = sourcecode.c.h; path = MaschineThread.h; sourceTree = "<group>"; };
		3FE2ED7120B59F420037203D /* MaschineThread.mm */ = {isa = PBXFileReference; lastKnownFileType = sourcecode.cpp.objcpp; path = MaschineThread.mm; sourceTree = "<group>"; };
/* End PBXFileReference section */

/* Begin PBXFrameworksBuildPhase section */
		3F5FF63C20AAD30300302C41 /* Frameworks */ = {
			isa = PBXFrameworksBuildPhase;
			buildActionMask = 2147483647;
			files = (
			);
			runOnlyForDeploymentPostprocessing = 0;
		};
		3F8977C920A5D2F200EC401A /* Frameworks */ = {
			isa = PBXFrameworksBuildPhase;
			buildActionMask = 2147483647;
			files = (
			);
			runOnlyForDeploymentPostprocessing = 0;
		};
/* End PBXFrameworksBuildPhase section */

/* Begin PBXGroup section */
		3F49931920AC3EF500CBD7B7 /* Boilerplate */ = {
			isa = PBXGroup;
			children = (
				3F5FF64120AAD30300302C41 /* AppDelegate.h */,
				3F5FF64220AAD30300302C41 /* AppDelegate.m */,
				3F5FF64420AAD30600302C41 /* Assets.xcassets */,
				3F5FF64620AAD30600302C41 /* MainMenu.xib */,
				3F5FF64920AAD30600302C41 /* Info.plist */,
				3F5FF64A20AAD30600302C41 /* main.m */,
				3F5FF64C20AAD30600302C41 /* PacMaschine.entitlements */,
			);
			path = Boilerplate;
			sourceTree = "<group>";
		};
		3F49931A20AC3FAC00CBD7B7 /* macOS */ = {
			isa = PBXGroup;
			children = (
				3F49931920AC3EF500CBD7B7 /* Boilerplate */,
				3F5FF65020AAD3F600302C41 /* PacView.h */,
				3F5FF65120AAD3F600302C41 /* PacView.mm */,
			);
			path = macOS;
			sourceTree = "<group>";
		};
		3F5FF63A20AAD29500302C41 /* MaschineBoi */ = {
			isa = PBXGroup;
			children = (
				3F49931B20AC4C8400CBD7B7 /* MaschineBoi.h */,
				3FE2ED6D20B58E200037203D /* BoiThread.h */,
				3FE2ED6E20B58E200037203D /* BoiThread.mm */,
				3FE2ED7020B59F420037203D /* MaschineThread.h */,
				3FE2ED7120B59F420037203D /* MaschineThread.mm */,
			);
			path = MaschineBoi;
			sourceTree = "<group>";
		};
		3F7BF68120B378B60066DF8D /* NI Protocol */ = {
			isa = PBXGroup;
			children = (
				3F7BF69620B378BF0066DF8D /* NIAgent.h */,
				3F7BF68D20B378BE0066DF8D /* NIAgent.m */,
				3F7BF68C20B378BE0066DF8D /* NIAgentClient.h */,
				3F7BF68320B378BD0066DF8D /* NIAgentClient.m */,
				3F7BF68920B378BE0066DF8D /* NIClient.h */,
				3F7BF69220B378BE0066DF8D /* NIClient.m */,
				3F7BF69A20B378BF0066DF8D /* NIControllerNotificationServer.h */,
				3F7BF69120B378BE0066DF8D /* NIControllerNotificationServer.m */,
				3F7BF69D20B378BF0066DF8D /* NIControllerRequestClient.h */,
				3F7BF68820B378BE0066DF8D /* NIControllerRequestClient.m */,
				3F7BF69F20B378C00066DF8D /* NIControllerRequestServer.h */,
				3F7BF68B20B378BE0066DF8D /* NIControllerRequestServer.m */,
				3F7BF68A20B378BE0066DF8D /* NIImageConversions.h */,
				3F7BF69720B378BF0066DF8D /* NIImageConversions.m */,
				3F7BF69820B378BF0066DF8D /* NIMainHandlerClient.h */,
				3F7BF68520B378BD0066DF8D /* NIMainHandlerClient.m */,
				3F7BF68620B378BE0066DF8D /* NIMainHandlerServer.h */,
				3F7BF69B20B378BF0066DF8D /* NIMainHandlerServer.m */,
				3F7BF69520B378BF0066DF8D /* NIMaschineLayouts.h */,
				3F7BF69020B378BE0066DF8D /* NIMessage.h */,
				3F7BF69420B378BF0066DF8D /* NIMessage.m */,
				3F7BF68720B378BE0066DF8D /* NIMessageBases.h */,
				3F7BF69C20B378BF0066DF8D /* NIMessageBases.m */,
				3F7BF69E20B378C00066DF8D /* NIProtocolMessages.h */,
				3F7BF68420B378BD0066DF8D /* NIProtocolMessages.m */,
				3F7BF69320B378BE0066DF8D /* NIResponse.h */,
				3F7BF69920B378BF0066DF8D /* NIResponse.m */,
				3F7BF68E20B378BE0066DF8D /* NIServer.h */,
				3F7BF68220B378BD0066DF8D /* NIServer.m */,
				3F7BF68F20B378BE0066DF8D /* TestImage.h */,
			);
			path = "NI Protocol";
			sourceTree = "<group>";
		};
		3F8977C320A5D2F100EC401A = {
			isa = PBXGroup;
			children = (
				3F8977CE20A5D2F200EC401A /* PacMaschine */,
				3F8977CD20A5D2F200EC401A /* Products */,
			);
			sourceTree = "<group>";
			usesTabs = 0;
		};
		3F8977CD20A5D2F200EC401A /* Products */ = {
			isa = PBXGroup;
			children = (
				3F8977CC20A5D2F200EC401A /* pacmaschine */,
				3F5FF63F20AAD30300302C41 /* PacMaschine.app */,
			);
			name = Products;
			sourceTree = "<group>";
		};
		3F8977CE20A5D2F200EC401A /* PacMaschine */ = {
			isa = PBXGroup;
			children = (
				3F7BF68120B378B60066DF8D /* NI Protocol */,
				3F49931A20AC3FAC00CBD7B7 /* macOS */,
				3FE2ED6C20B58C970037203D /* ArduboyCompatibility */,
				3F5FF63A20AAD29500302C41 /* MaschineBoi */,
				3F8977D620A5D31700EC401A /* pactastic */,
				3F8977CF20A5D2F200EC401A /* main.c */,
			);
			path = PacMaschine;
			sourceTree = "<group>";
		};
		3F8977D620A5D31700EC401A /* pactastic */ = {
			isa = PBXGroup;
			children = (
				3F8977D820A5D31800EC401A /* bitmaps.h */,
				3F8977DA20A5D31800EC401A /* bgm.h */,
				3F8977D720A5D31800EC401A /* pactastic.cpp */,
				3F8977D920A5D31800EC401A /* README.md */,
			);
			path = pactastic;
			sourceTree = "<group>";
		};
		3FE2ED6C20B58C970037203D /* ArduboyCompatibility */ = {
			isa = PBXGroup;
			children = (
				3F8977DC20A5D36A00EC401A /* ArduBoyPlaytune.h */,
				3F8977DD20A5D36A00EC401A /* ArduBoy2.h */,
				3F5FF63920A9E0C000302C41 /* Arduboy2Font.h */,
			);
			path = ArduboyCompatibility;
			sourceTree = "<group>";
		};
/* End PBXGroup section */

/* Begin PBXNativeTarget section */
		3F5FF63E20AAD30300302C41 /* PacMaschine */ = {
			isa = PBXNativeTarget;
			buildConfigurationList = 3F5FF64D20AAD30600302C41 /* Build configuration list for PBXNativeTarget "PacMaschine" */;
			buildPhases = (
				3F5FF63B20AAD30300302C41 /* Sources */,
				3F5FF63C20AAD30300302C41 /* Frameworks */,
				3F5FF63D20AAD30300302C41 /* Resources */,
			);
			buildRules = (
			);
			dependencies = (
			);
			name = PacMaschine;
			productName = PacMaschine;
			productReference = 3F5FF63F20AAD30300302C41 /* PacMaschine.app */;
			productType = "com.apple.product-type.application";
		};
		3F8977CB20A5D2F200EC401A /* pacmaschine */ = {
			isa = PBXNativeTarget;
			buildConfigurationList = 3F8977D320A5D2F200EC401A /* Build configuration list for PBXNativeTarget "pacmaschine" */;
			buildPhases = (
				3F8977C820A5D2F200EC401A /* Sources */,
				3F8977C920A5D2F200EC401A /* Frameworks */,
				3F8977CA20A5D2F200EC401A /* CopyFiles */,
			);
			buildRules = (
			);
			dependencies = (
			);
			name = pacmaschine;
			productName = pacmaschine;
			productReference = 3F8977CC20A5D2F200EC401A /* pacmaschine */;
			productType = "com.apple.product-type.tool";
		};
/* End PBXNativeTarget section */

/* Begin PBXProject section */
		3F8977C420A5D2F100EC401A /* Project object */ = {
			isa = PBXProject;
			attributes = {
				LastUpgradeCheck = 0930;
				ORGANIZATIONNAME = "Antonio Malara";
				TargetAttributes = {
					3F5FF63E20AAD30300302C41 = {
						CreatedOnToolsVersion = 9.3;
						SystemCapabilities = {
							com.apple.Sandbox = {
								enabled = 0;
							};
						};
					};
					3F8977CB20A5D2F200EC401A = {
						CreatedOnToolsVersion = 9.3;
					};
				};
			};
			buildConfigurationList = 3F8977C720A5D2F100EC401A /* Build configuration list for PBXProject "pacmaschine" */;
			compatibilityVersion = "Xcode 9.3";
			developmentRegion = en;
			hasScannedForEncodings = 0;
			knownRegions = (
				en,
				Base,
			);
			mainGroup = 3F8977C320A5D2F100EC401A;
			productRefGroup = 3F8977CD20A5D2F200EC401A /* Products */;
			projectDirPath = "";
			projectRoot = "";
			targets = (
				3F8977CB20A5D2F200EC401A /* pacmaschine */,
				3F5FF63E20AAD30300302C41 /* PacMaschine */,
			);
		};
/* End PBXProject section */

/* Begin PBXResourcesBuildPhase section */
		3F5FF63D20AAD30300302C41 /* Resources */ = {
			isa = PBXResourcesBuildPhase;
			buildActionMask = 2147483647;
			files = (
				3F5FF64520AAD30600302C41 /* Assets.xcassets in Resources */,
				3F5FF64820AAD30600302C41 /* MainMenu.xib in Resources */,
			);
			runOnlyForDeploymentPostprocessing = 0;
		};
/* End PBXResourcesBuildPhase section */

/* Begin PBXSourcesBuildPhase section */
		3F5FF63B20AAD30300302C41 /* Sources */ = {
			isa = PBXSourcesBuildPhase;
			buildActionMask = 2147483647;
			files = (
				3F7BF6AF20B378C00066DF8D /* NIControllerNotificationServer.m in Sources */,
				3F5FF65220AAD3F600302C41 /* PacView.mm in Sources */,
				3F7BF6AB20B378C00066DF8D /* NIControllerRequestServer.m in Sources */,
				3F7BF6A720B378C00066DF8D /* NIMainHandlerClient.m in Sources */,
				3F7BF6A920B378C00066DF8D /* NIControllerRequestClient.m in Sources */,
				3F5FF64B20AAD30600302C41 /* main.m in Sources */,
				3FE2ED6F20B58E200037203D /* BoiThread.mm in Sources */,
				3FE2ED7220B59F420037203D /* MaschineThread.mm in Sources */,
				3F7BF6B320B378C00066DF8D /* NIMessage.m in Sources */,
				3F7BF6B920B378C00066DF8D /* NIMainHandlerServer.m in Sources */,
				3F5FF65320AAD42900302C41 /* pactastic.cpp in Sources */,
				3F7BF6B120B378C00066DF8D /* NIClient.m in Sources */,
				3F7BF6A120B378C00066DF8D /* NIServer.m in Sources */,
				3F7BF6BB20B378C00066DF8D /* NIMessageBases.m in Sources */,
				3F5FF64320AAD30300302C41 /* AppDelegate.m in Sources */,
				3F7BF6AD20B378C00066DF8D /* NIAgent.m in Sources */,
				3F7BF6A520B378C00066DF8D /* NIProtocolMessages.m in Sources */,
				3F7BF6B720B378C00066DF8D /* NIResponse.m in Sources */,
				3F7BF6A320B378C00066DF8D /* NIAgentClient.m in Sources */,
				3F7BF6B520B378C00066DF8D /* NIImageConversions.m in Sources */,
			);
			runOnlyForDeploymentPostprocessing = 0;
		};
		3F8977C820A5D2F200EC401A /* Sources */ = {
			isa = PBXSourcesBuildPhase;
			buildActionMask = 2147483647;
			files = (
				3F8977DB20A5D32400EC401A /* pactastic.cpp in Sources */,
				3F7BF6AA20B378C00066DF8D /* NIControllerRequestServer.m in Sources */,
				3F8977D020A5D2F200EC401A /* main.c in Sources */,
				3F7BF6A020B378C00066DF8D /* NIServer.m in Sources */,
				3F7BF6A420B378C00066DF8D /* NIProtocolMessages.m in Sources */,
				3F7BF6BA20B378C00066DF8D /* NIMessageBases.m in Sources */,
				3F7BF6B620B378C00066DF8D /* NIResponse.m in Sources */,
				3F7BF6AC20B378C00066DF8D /* NIAgent.m in Sources */,
				3F7BF6B420B378C00066DF8D /* NIImageConversions.m in Sources */,
				3F7BF6A820B378C00066DF8D /* NIControllerRequestClient.m in Sources */,
				3F7BF6B020B378C00066DF8D /* NIClient.m in Sources */,
				3F7BF6A220B378C00066DF8D /* NIAgentClient.m in Sources */,
				3F7BF6AE20B378C00066DF8D /* NIControllerNotificationServer.m in Sources */,
				3F7BF6B220B378C00066DF8D /* NIMessage.m in Sources */,
				3F7BF6B820B378C00066DF8D /* NIMainHandlerServer.m in Sources */,
				3F7BF6A620B378C00066DF8D /* NIMainHandlerClient.m in Sources */,
			);
			runOnlyForDeploymentPostprocessing = 0;
		};
/* End PBXSourcesBuildPhase section */

/* Begin PBXVariantGroup section */
		3F5FF64620AAD30600302C41 /* MainMenu.xib */ = {
			isa = PBXVariantGroup;
			children = (
				3F5FF64720AAD30600302C41 /* Base */,
			);
			name = MainMenu.xib;
			sourceTree = "<group>";
		};
/* End PBXVariantGroup section */

/* Begin XCBuildConfiguration section */
		3F5FF64E20AAD30600302C41 /* Debug */ = {
			isa = XCBuildConfiguration;
			buildSettings = {
				ASSETCATALOG_COMPILER_APPICON_NAME = AppIcon;
				CODE_SIGN_STYLE = Automatic;
				COMBINE_HIDPI_IMAGES = YES;
				DEVELOPMENT_TEAM = EPCUPW9SH8;
				INFOPLIST_FILE = PacMaschine/macOS/Boilerplate/Info.plist;
				LD_RUNPATH_SEARCH_PATHS = (
					"$(inherited)",
					"@executable_path/../Frameworks",
				);
				MACOSX_DEPLOYMENT_TARGET = 10.10;
				PRODUCT_BUNDLE_IDENTIFIER = name.malara.antonio.PacMaschine;
				PRODUCT_NAME = "$(TARGET_NAME)";
			};
			name = Debug;
		};
		3F5FF64F20AAD30600302C41 /* Release */ = {
			isa = XCBuildConfiguration;
			buildSettings = {
				ASSETCATALOG_COMPILER_APPICON_NAME = AppIcon;
				CODE_SIGN_STYLE = Automatic;
				COMBINE_HIDPI_IMAGES = YES;
				DEVELOPMENT_TEAM = EPCUPW9SH8;
				INFOPLIST_FILE = PacMaschine/macOS/Boilerplate/Info.plist;
				LD_RUNPATH_SEARCH_PATHS = (
					"$(inherited)",
					"@executable_path/../Frameworks",
				);
				MACOSX_DEPLOYMENT_TARGET = 10.10;
				PRODUCT_BUNDLE_IDENTIFIER = name.malara.antonio.PacMaschine;
				PRODUCT_NAME = "$(TARGET_NAME)";
			};
			name = Release;
		};
		3F8977D120A5D2F200EC401A /* Debug */ = {
			isa = XCBuildConfiguration;
			buildSettings = {
				ALWAYS_SEARCH_USER_PATHS = NO;
				CLANG_ANALYZER_NONNULL = YES;
				CLANG_ANALYZER_NUMBER_OBJECT_CONVERSION = YES_AGGRESSIVE;
				CLANG_CXX_LANGUAGE_STANDARD = "gnu++14";
				CLANG_CXX_LIBRARY = "libc++";
				CLANG_ENABLE_MODULES = YES;
				CLANG_ENABLE_OBJC_ARC = YES;
				CLANG_ENABLE_OBJC_WEAK = YES;
				CLANG_WARN_BLOCK_CAPTURE_AUTORELEASING = YES;
				CLANG_WARN_BOOL_CONVERSION = YES;
				CLANG_WARN_COMMA = YES;
				CLANG_WARN_CONSTANT_CONVERSION = YES;
				CLANG_WARN_DEPRECATED_OBJC_IMPLEMENTATIONS = YES;
				CLANG_WARN_DIRECT_OBJC_ISA_USAGE = YES_ERROR;
				CLANG_WARN_DOCUMENTATION_COMMENTS = YES;
				CLANG_WARN_EMPTY_BODY = YES;
				CLANG_WARN_ENUM_CONVERSION = YES;
				CLANG_WARN_INFINITE_RECURSION = YES;
				CLANG_WARN_INT_CONVERSION = YES;
				CLANG_WARN_NON_LITERAL_NULL_CONVERSION = YES;
				CLANG_WARN_OBJC_IMPLICIT_RETAIN_SELF = YES;
				CLANG_WARN_OBJC_LITERAL_CONVERSION = YES;
				CLANG_WARN_OBJC_ROOT_CLASS = YES_ERROR;
				CLANG_WARN_RANGE_LOOP_ANALYSIS = YES;
				CLANG_WARN_STRICT_PROTOTYPES = YES;
				CLANG_WARN_SUSPICIOUS_MOVE = YES;
				CLANG_WARN_UNGUARDED_AVAILABILITY = YES_AGGRESSIVE;
				CLANG_WARN_UNREACHABLE_CODE = YES;
				CLANG_WARN__DUPLICATE_METHOD_MATCH = YES;
				CODE_SIGN_IDENTITY = "Mac Developer";
				COPY_PHASE_STRIP = NO;
				DEBUG_INFORMATION_FORMAT = dwarf;
				ENABLE_STRICT_OBJC_MSGSEND = YES;
				ENABLE_TESTABILITY = YES;
				GCC_C_LANGUAGE_STANDARD = gnu11;
				GCC_DYNAMIC_NO_PIC = NO;
				GCC_NO_COMMON_BLOCKS = YES;
				GCC_OPTIMIZATION_LEVEL = 0;
				GCC_PREPROCESSOR_DEFINITIONS = (
					"DEBUG=1",
					"$(inherited)",
				);
				GCC_WARN_64_TO_32_BIT_CONVERSION = YES;
				GCC_WARN_ABOUT_RETURN_TYPE = YES_ERROR;
				GCC_WARN_UNDECLARED_SELECTOR = YES;
				GCC_WARN_UNINITIALIZED_AUTOS = YES_AGGRESSIVE;
				GCC_WARN_UNUSED_FUNCTION = YES;
				GCC_WARN_UNUSED_VARIABLE = YES;
				MACOSX_DEPLOYMENT_TARGET = 10.13;
				MTL_ENABLE_DEBUG_INFO = YES;
				ONLY_ACTIVE_ARCH = YES;
				SDKROOT = macosx;
			};
			name = Debug;
		};
		3F8977D220A5D2F200EC401A /* Release */ = {
			isa = XCBuildConfiguration;
			buildSettings = {
				ALWAYS_SEARCH_USER_PATHS = NO;
				CLANG_ANALYZER_NONNULL = YES;
				CLANG_ANALYZER_NUMBER_OBJECT_CONVERSION = YES_AGGRESSIVE;
				CLANG_CXX_LANGUAGE_STANDARD = "gnu++14";
				CLANG_CXX_LIBRARY = "libc++";
				CLANG_ENABLE_MODULES = YES;
				CLANG_ENABLE_OBJC_ARC = YES;
				CLANG_ENABLE_OBJC_WEAK = YES;
				CLANG_WARN_BLOCK_CAPTURE_AUTORELEASING = YES;
				CLANG_WARN_BOOL_CONVERSION = YES;
				CLANG_WARN_COMMA = YES;
				CLANG_WARN_CONSTANT_CONVERSION = YES;
				CLANG_WARN_DEPRECATED_OBJC_IMPLEMENTATIONS = YES;
				CLANG_WARN_DIRECT_OBJC_ISA_USAGE = YES_ERROR;
				CLANG_WARN_DOCUMENTATION_COMMENTS = YES;
				CLANG_WARN_EMPTY_BODY = YES;
				CLANG_WARN_ENUM_CONVERSION = YES;
				CLANG_WARN_INFINITE_RECURSION = YES;
				CLANG_WARN_INT_CONVERSION = YES;
				CLANG_WARN_NON_LITERAL_NULL_CONVERSION = YES;
				CLANG_WARN_OBJC_IMPLICIT_RETAIN_SELF = YES;
				CLANG_WARN_OBJC_LITERAL_CONVERSION = YES;
				CLANG_WARN_OBJC_ROOT_CLASS = YES_ERROR;
				CLANG_WARN_RANGE_LOOP_ANALYSIS = YES;
				CLANG_WARN_STRICT_PROTOTYPES = YES;
				CLANG_WARN_SUSPICIOUS_MOVE = YES;
				CLANG_WARN_UNGUARDED_AVAILABILITY = YES_AGGRESSIVE;
				CLANG_WARN_UNREACHABLE_CODE = YES;
				CLANG_WARN__DUPLICATE_METHOD_MATCH = YES;
				CODE_SIGN_IDENTITY = "Mac Developer";
				COPY_PHASE_STRIP = NO;
				DEBUG_INFORMATION_FORMAT = "dwarf-with-dsym";
				ENABLE_NS_ASSERTIONS = NO;
				ENABLE_STRICT_OBJC_MSGSEND = YES;
				GCC_C_LANGUAGE_STANDARD = gnu11;
				GCC_NO_COMMON_BLOCKS = YES;
				GCC_WARN_64_TO_32_BIT_CONVERSION = YES;
				GCC_WARN_ABOUT_RETURN_TYPE = YES_ERROR;
				GCC_WARN_UNDECLARED_SELECTOR = YES;
				GCC_WARN_UNINITIALIZED_AUTOS = YES_AGGRESSIVE;
				GCC_WARN_UNUSED_FUNCTION = YES;
				GCC_WARN_UNUSED_VARIABLE = YES;
				MACOSX_DEPLOYMENT_TARGET = 10.13;
				MTL_ENABLE_DEBUG_INFO = NO;
				SDKROOT = macosx;
			};
			name = Release;
		};
		3F8977D420A5D2F200EC401A /* Debug */ = {
			isa = XCBuildConfiguration;
			buildSettings = {
				CODE_SIGN_STYLE = Automatic;
				DEVELOPMENT_TEAM = EPCUPW9SH8;
				PRODUCT_NAME = "$(TARGET_NAME)";
			};
			name = Debug;
		};
		3F8977D520A5D2F200EC401A /* Release */ = {
			isa = XCBuildConfiguration;
			buildSettings = {
				CODE_SIGN_STYLE = Automatic;
				DEVELOPMENT_TEAM = EPCUPW9SH8;
				PRODUCT_NAME = "$(TARGET_NAME)";
			};
			name = Release;
		};
/* End XCBuildConfiguration section */

/* Begin XCConfigurationList section */
		3F5FF64D20AAD30600302C41 /* Build configuration list for PBXNativeTarget "PacMaschine" */ = {
			isa = XCConfigurationList;
			buildConfigurations = (
				3F5FF64E20AAD30600302C41 /* Debug */,
				3F5FF64F20AAD30600302C41 /* Release */,
			);
			defaultConfigurationIsVisible = 0;
			defaultConfigurationName = Release;
		};
		3F8977C720A5D2F100EC401A /* Build configuration list for PBXProject "pacmaschine" */ = {
			isa = XCConfigurationList;
			buildConfigurations = (
				3F8977D120A5D2F200EC401A /* Debug */,
				3F8977D220A5D2F200EC401A /* Release */,
			);
			defaultConfigurationIsVisible = 0;
			defaultConfigurationName = Release;
		};
		3F8977D320A5D2F200EC401A /* Build configuration list for PBXNativeTarget "pacmaschine" */ = {
			isa = XCConfigurationList;
			buildConfigurations = (
				3F8977D420A5D2F200EC401A /* Debug */,
				3F8977D520A5D2F200EC401A /* Release */,
			);
			defaultConfigurationIsVisible = 0;
			defaultConfigurationName = Release;
		};
/* End XCConfigurationList section */
	};
	rootObject = 3F8977C420A5D2F100EC401A /* Project object */;
}
